
Microsoft Visual Studio Solution File, Format Version 12.00
# Visual Studio 15
VisualStudioVersion = 15.0.28307.1433
MinimumVisualStudioVersion = 10.0.40219.1
Project("{8BC9CEB8-8B4A-11D0-8D11-00A0C91BC942}") = "external_parser", "external_parser.vcxproj", "{46E70957-3763-3076-B417-82DF58025FCD}"
	ProjectSection(ProjectDependencies) = postProject
		{8BFD8150-94D5-4BF9-8A50-7BD9929A0850} = {8BFD8150-94D5-4BF9-8A50-7BD9929A0850}
	EndProjectSection
EndProject
Project("{8BC9CEB8-8B4A-11D0-8D11-00A0C91BC942}") = "vw_core", "..\ext_libs\vowpal_wabbit\vowpalwabbit\vw_core.vcxproj", "{1E205806-7F80-47DD-A38D-FC08083F3593}"
	ProjectSection(ProjectDependencies) = postProject
		{46E70957-3763-3076-B417-82DF58025FCD} = {46E70957-3763-3076-B417-82DF58025FCD}
	EndProjectSection
EndProject
Project("{8BC9CEB8-8B4A-11D0-8D11-00A0C91BC942}") = "vw", "..\ext_libs\vowpal_wabbit\vowpalwabbit\vw.vcxproj", "{1055A78F-1E3A-4E6C-BBF5-0B63299C4ADF}"
EndProject
Project("{8BC9CEB8-8B4A-11D0-8D11-00A0C91BC942}") = "libzstd", "..\ext_libs\libzstd.vcxproj", "{8BFD8150-94D5-4BF9-8A50-7BD9929A0850}"
EndProject
Project("{8BC9CEB8-8B4A-11D0-8D11-00A0C91BC942}") = "unit_tests", "unit_tests\unit_tests.vcxproj", "{18C0C2F5-F9D3-4E92-8B8B-9D232DEC16FF}"
EndProject
Global
	GlobalSection(SolutionConfigurationPlatforms) = preSolution
		Debug|x64 = Debug|x64
		Debug|x86 = Debug|x86
		Release|x64 = Release|x64
		Release|x86 = Release|x86
	EndGlobalSection
	GlobalSection(ProjectConfigurationPlatforms) = postSolution
		{46E70957-3763-3076-B417-82DF58025FCD}.Debug|x64.ActiveCfg = Debug|x64
		{46E70957-3763-3076-B417-82DF58025FCD}.Debug|x64.Build.0 = Debug|x64
		{46E70957-3763-3076-B417-82DF58025FCD}.Debug|x86.ActiveCfg = Debug|x64
		{46E70957-3763-3076-B417-82DF58025FCD}.Release|x64.ActiveCfg = Release|x64
		{46E70957-3763-3076-B417-82DF58025FCD}.Release|x64.Build.0 = Release|x64
		{46E70957-3763-3076-B417-82DF58025FCD}.Release|x86.ActiveCfg = Release|x64
		{1E205806-7F80-47DD-A38D-FC08083F3593}.Debug|x64.ActiveCfg = Debug|x64
		{1E205806-7F80-47DD-A38D-FC08083F3593}.Debug|x64.Build.0 = Debug|x64
		{1E205806-7F80-47DD-A38D-FC08083F3593}.Debug|x86.ActiveCfg = Debug|Win32
		{1E205806-7F80-47DD-A38D-FC08083F3593}.Debug|x86.Build.0 = Debug|Win32
		{1E205806-7F80-47DD-A38D-FC08083F3593}.Release|x64.ActiveCfg = Release|x64
		{1E205806-7F80-47DD-A38D-FC08083F3593}.Release|x64.Build.0 = Release|x64
		{1E205806-7F80-47DD-A38D-FC08083F3593}.Release|x86.ActiveCfg = Release|Win32
		{1E205806-7F80-47DD-A38D-FC08083F3593}.Release|x86.Build.0 = Release|Win32
		{1055A78F-1E3A-4E6C-BBF5-0B63299C4ADF}.Debug|x64.ActiveCfg = Debug|x64
		{1055A78F-1E3A-4E6C-BBF5-0B63299C4ADF}.Debug|x64.Build.0 = Debug|x64
		{1055A78F-1E3A-4E6C-BBF5-0B63299C4ADF}.Debug|x86.ActiveCfg = Debug|Win32
		{1055A78F-1E3A-4E6C-BBF5-0B63299C4ADF}.Debug|x86.Build.0 = Debug|Win32
		{1055A78F-1E3A-4E6C-BBF5-0B63299C4ADF}.Release|x64.ActiveCfg = Release|x64
		{1055A78F-1E3A-4E6C-BBF5-0B63299C4ADF}.Release|x64.Build.0 = Release|x64
		{1055A78F-1E3A-4E6C-BBF5-0B63299C4ADF}.Release|x86.ActiveCfg = Release|Win32
		{1055A78F-1E3A-4E6C-BBF5-0B63299C4ADF}.Release|x86.Build.0 = Release|Win32
		{8BFD8150-94D5-4BF9-8A50-7BD9929A0850}.Debug|x64.ActiveCfg = Debug|x64
		{8BFD8150-94D5-4BF9-8A50-7BD9929A0850}.Debug|x64.Build.0 = Debug|x64
		{8BFD8150-94D5-4BF9-8A50-7BD9929A0850}.Debug|x86.ActiveCfg = Debug|Win32
		{8BFD8150-94D5-4BF9-8A50-7BD9929A0850}.Debug|x86.Build.0 = Debug|Win32
		{8BFD8150-94D5-4BF9-8A50-7BD9929A0850}.Release|x64.ActiveCfg = Release|x64
		{8BFD8150-94D5-4BF9-8A50-7BD9929A0850}.Release|x64.Build.0 = Release|x64
		{8BFD8150-94D5-4BF9-8A50-7BD9929A0850}.Release|x86.ActiveCfg = Release|Win32
		{8BFD8150-94D5-4BF9-8A50-7BD9929A0850}.Release|x86.Build.0 = Release|Win32
		{18C0C2F5-F9D3-4E92-8B8B-9D232DEC16FF}.Debug|x64.ActiveCfg = Debug|x64
		{18C0C2F5-F9D3-4E92-8B8B-9D232DEC16FF}.Debug|x64.Build.0 = Debug|x64
		{18C0C2F5-F9D3-4E92-8B8B-9D232DEC16FF}.Debug|x86.ActiveCfg = Debug|Win32
		{18C0C2F5-F9D3-4E92-8B8B-9D232DEC16FF}.Debug|x86.Build.0 = Debug|Win32
		{18C0C2F5-F9D3-4E92-8B8B-9D232DEC16FF}.Release|x64.ActiveCfg = Release|x64
		{18C0C2F5-F9D3-4E92-8B8B-9D232DEC16FF}.Release|x64.Build.0 = Release|x64
		{18C0C2F5-F9D3-4E92-8B8B-9D232DEC16FF}.Release|x86.ActiveCfg = Release|Win32
		{18C0C2F5-F9D3-4E92-8B8B-9D232DEC16FF}.Release|x86.Build.0 = Release|Win32
	EndGlobalSection
	GlobalSection(SolutionProperties) = preSolution
		HideSolutionNode = FALSE
	EndGlobalSection
	GlobalSection(ExtensibilityGlobals) = postSolution
		SolutionGuid = {9FF1FB1A-7053-3D2C-818A-B881C6A20767}
	EndGlobalSection
EndGlobal
